
Microsoft Visual Studio Solution File, Format Version 12.00
# Visual Studio Version 17
VisualStudioVersion = 17.11.35303.130
MinimumVisualStudioVersion = 10.0.40219.1
Project("{FAE04EC0-301F-11D3-BF4B-00C04F79EFBC}") = "10.1_Serialization", "10.1_Serialization.csproj", "{A720045A-C5F9-412E-AE3E-6A35863CE4CD}"
EndProject
Global
	GlobalSection(SolutionConfigurationPlatforms) = preSolution
		Debug|Any CPU = Debug|Any CPU
		Release|Any CPU = Release|Any CPU
	EndGlobalSection
	GlobalSection(ProjectConfigurationPlatforms) = postSolution
		{A720045A-C5F9-412E-AE3E-6A35863CE4CD}.Debug|Any CPU.ActiveCfg = Debug|Any CPU
		{A720045A-C5F9-412E-AE3E-6A35863CE4CD}.Debug|Any CPU.Build.0 = Debug|Any CPU
		{A720045A-C5F9-412E-AE3E-6A35863CE4CD}.Release|Any CPU.ActiveCfg = Release|Any CPU
		{A720045A-C5F9-412E-AE3E-6A35863CE4CD}.Release|Any CPU.Build.0 = Release|Any CPU
	EndGlobalSection
	GlobalSection(SolutionProperties) = preSolution
		HideSolutionNode = FALSE
	EndGlobalSection
	GlobalSection(ExtensibilityGlobals) = postSolution
		SolutionGuid = {113D9631-2FB5-4593-B773-E5A4AA6F4371}
	EndGlobalSection
EndGlobal
